
Microsoft Visual Studio Solution File, Format Version 12.00
# Visual Studio Version 16
VisualStudioVersion = 16.0.30114.105
MinimumVisualStudioVersion = 10.0.40219.1
Project("{FAE04EC0-301F-11D3-BF4B-00C04F79EFBC}") = "Application", "Application\Application.csproj", "{91F5807D-5406-4337-9DDE-29AED6B4A8E5}"
EndProject
Project("{FAE04EC0-301F-11D3-BF4B-00C04F79EFBC}") = "Domain", "Domain\Domain.csproj", "{4875F964-018E-45F4-9D45-D1D290A215E9}"
EndProject
Project("{FAE04EC0-301F-11D3-BF4B-00C04F79EFBC}") = "Data", "Data\Data.csproj", "{DD5F5F2A-5C3E-486E-B36B-033A77769F9F}"
EndProject
Project("{FAE04EC0-301F-11D3-BF4B-00C04F79EFBC}") = "CrossCutting", "CrossCutting\CrossCutting.csproj", "{128E30A7-700F-4A42-AC82-84EC535BCA44}"
EndProject
Project("{FAE04EC0-301F-11D3-BF4B-00C04F79EFBC}") = "Service", "Service\Service.csproj", "{1C291C69-B802-4017-BD91-7BFEB6F59112}"
EndProject
Global
	GlobalSection(SolutionConfigurationPlatforms) = preSolution
		Debug|Any CPU = Debug|Any CPU
		Release|Any CPU = Release|Any CPU
	EndGlobalSection
	GlobalSection(SolutionProperties) = preSolution
		HideSolutionNode = FALSE
	EndGlobalSection
	GlobalSection(ProjectConfigurationPlatforms) = postSolution
		{91F5807D-5406-4337-9DDE-29AED6B4A8E5}.Debug|Any CPU.ActiveCfg = Debug|Any CPU
		{91F5807D-5406-4337-9DDE-29AED6B4A8E5}.Debug|Any CPU.Build.0 = Debug|Any CPU
		{91F5807D-5406-4337-9DDE-29AED6B4A8E5}.Release|Any CPU.ActiveCfg = Release|Any CPU
		{91F5807D-5406-4337-9DDE-29AED6B4A8E5}.Release|Any CPU.Build.0 = Release|Any CPU
		{BD817F68-A874-4F1A-A413-0872E1412F60}.Debug|Any CPU.ActiveCfg = Debug|Any CPU
		{BD817F68-A874-4F1A-A413-0872E1412F60}.Debug|Any CPU.Build.0 = Debug|Any CPU
		{BD817F68-A874-4F1A-A413-0872E1412F60}.Release|Any CPU.ActiveCfg = Release|Any CPU
		{BD817F68-A874-4F1A-A413-0872E1412F60}.Release|Any CPU.Build.0 = Release|Any CPU
		{700985CD-C0B4-4A5C-A19F-2D92625D93D4}.Debug|Any CPU.ActiveCfg = Debug|Any CPU
		{700985CD-C0B4-4A5C-A19F-2D92625D93D4}.Debug|Any CPU.Build.0 = Debug|Any CPU
		{700985CD-C0B4-4A5C-A19F-2D92625D93D4}.Release|Any CPU.ActiveCfg = Release|Any CPU
		{700985CD-C0B4-4A5C-A19F-2D92625D93D4}.Release|Any CPU.Build.0 = Release|Any CPU
		{93A50BE9-904A-4939-B90E-B96F3E2C22A0}.Debug|Any CPU.ActiveCfg = Debug|Any CPU
		{93A50BE9-904A-4939-B90E-B96F3E2C22A0}.Debug|Any CPU.Build.0 = Debug|Any CPU
		{93A50BE9-904A-4939-B90E-B96F3E2C22A0}.Release|Any CPU.ActiveCfg = Release|Any CPU
		{93A50BE9-904A-4939-B90E-B96F3E2C22A0}.Release|Any CPU.Build.0 = Release|Any CPU
		{4875F964-018E-45F4-9D45-D1D290A215E9}.Debug|Any CPU.ActiveCfg = Debug|Any CPU
		{4875F964-018E-45F4-9D45-D1D290A215E9}.Debug|Any CPU.Build.0 = Debug|Any CPU
		{4875F964-018E-45F4-9D45-D1D290A215E9}.Release|Any CPU.ActiveCfg = Release|Any CPU
		{4875F964-018E-45F4-9D45-D1D290A215E9}.Release|Any CPU.Build.0 = Release|Any CPU
		{D99DEAF5-C146-467D-8B25-24B93A9B8304}.Debug|Any CPU.ActiveCfg = Debug|Any CPU
		{D99DEAF5-C146-467D-8B25-24B93A9B8304}.Debug|Any CPU.Build.0 = Debug|Any CPU
		{D99DEAF5-C146-467D-8B25-24B93A9B8304}.Release|Any CPU.ActiveCfg = Release|Any CPU
		{D99DEAF5-C146-467D-8B25-24B93A9B8304}.Release|Any CPU.Build.0 = Release|Any CPU
		{DD5F5F2A-5C3E-486E-B36B-033A77769F9F}.Debug|Any CPU.ActiveCfg = Debug|Any CPU
		{DD5F5F2A-5C3E-486E-B36B-033A77769F9F}.Debug|Any CPU.Build.0 = Debug|Any CPU
		{DD5F5F2A-5C3E-486E-B36B-033A77769F9F}.Release|Any CPU.ActiveCfg = Release|Any CPU
		{DD5F5F2A-5C3E-486E-B36B-033A77769F9F}.Release|Any CPU.Build.0 = Release|Any CPU
		{128E30A7-700F-4A42-AC82-84EC535BCA44}.Debug|Any CPU.ActiveCfg = Debug|Any CPU
		{128E30A7-700F-4A42-AC82-84EC535BCA44}.Debug|Any CPU.Build.0 = Debug|Any CPU
		{128E30A7-700F-4A42-AC82-84EC535BCA44}.Release|Any CPU.ActiveCfg = Release|Any CPU
		{128E30A7-700F-4A42-AC82-84EC535BCA44}.Release|Any CPU.Build.0 = Release|Any CPU
		{1C291C69-B802-4017-BD91-7BFEB6F59112}.Debug|Any CPU.ActiveCfg = Debug|Any CPU
		{1C291C69-B802-4017-BD91-7BFEB6F59112}.Debug|Any CPU.Build.0 = Debug|Any CPU
		{1C291C69-B802-4017-BD91-7BFEB6F59112}.Release|Any CPU.ActiveCfg = Release|Any CPU
		{1C291C69-B802-4017-BD91-7BFEB6F59112}.Release|Any CPU.Build.0 = Release|Any CPU
	EndGlobalSection
EndGlobal
